
Microsoft Visual Studio Solution File, Format Version 10.00
# Visual Studio 2008
Project("{FAE04EC0-301F-11D3-BF4B-00C04F79EFBC}") = "authenticationtest", "authenticationtest\authenticationtest.csproj", "{EEB1CFC6-139B-41FB-AEDC-36E7DC0F955E}"
EndProject
Global
	GlobalSection(SolutionConfigurationPlatforms) = preSolution
		Debug|Any CPU = Debug|Any CPU
		Release|Any CPU = Release|Any CPU
	EndGlobalSection
	GlobalSection(ProjectConfigurationPlatforms) = postSolution
		{EEB1CFC6-139B-41FB-AEDC-36E7DC0F955E}.Debug|Any CPU.ActiveCfg = Debug|Any CPU
		{EEB1CFC6-139B-41FB-AEDC-36E7DC0F955E}.Debug|Any CPU.Build.0 = Debug|Any CPU
		{EEB1CFC6-139B-41FB-AEDC-36E7DC0F955E}.Release|Any CPU.ActiveCfg = Release|Any CPU
		{EEB1CFC6-139B-41FB-AEDC-36E7DC0F955E}.Release|Any CPU.Build.0 = Release|Any CPU
	EndGlobalSection
	GlobalSection(SolutionProperties) = preSolution
		HideSolutionNode = FALSE
	EndGlobalSection
EndGlobal
